
Microsoft Visual Studio Solution File, Format Version 12.00
# Visual Studio Version 17
VisualStudioVersion = 17.3.32929.385
MinimumVisualStudioVersion = 10.0.40219.1
Project("{FAE04EC0-301F-11D3-BF4B-00C04F79EFBC}") = "LAB8_zad4", "LAB8_zad4.csproj", "{9098D96F-7137-4B82-A4E9-3757D8BB3987}"
EndProject
Global
	GlobalSection(SolutionConfigurationPlatforms) = preSolution
		Debug|Any CPU = Debug|Any CPU
		Release|Any CPU = Release|Any CPU
	EndGlobalSection
	GlobalSection(ProjectConfigurationPlatforms) = postSolution
		{9098D96F-7137-4B82-A4E9-3757D8BB3987}.Debug|Any CPU.ActiveCfg = Debug|Any CPU
		{9098D96F-7137-4B82-A4E9-3757D8BB3987}.Debug|Any CPU.Build.0 = Debug|Any CPU
		{9098D96F-7137-4B82-A4E9-3757D8BB3987}.Release|Any CPU.ActiveCfg = Release|Any CPU
		{9098D96F-7137-4B82-A4E9-3757D8BB3987}.Release|Any CPU.Build.0 = Release|Any CPU
	EndGlobalSection
	GlobalSection(SolutionProperties) = preSolution
		HideSolutionNode = FALSE
	EndGlobalSection
	GlobalSection(ExtensibilityGlobals) = postSolution
		SolutionGuid = {454AFC1A-D274-4FDC-AEFD-F9B692E2027B}
	EndGlobalSection
EndGlobal
