
Microsoft Visual Studio Solution File, Format Version 12.00
# Visual Studio Version 17
VisualStudioVersion = 17.3.32929.385
MinimumVisualStudioVersion = 10.0.40219.1
Project("{FAE04EC0-301F-11D3-BF4B-00C04F79EFBC}") = "LAB8_zad1", "LAB8_zad1.csproj", "{1D22F168-1DD1-4B6E-A692-3DF134E487B0}"
EndProject
Global
	GlobalSection(SolutionConfigurationPlatforms) = preSolution
		Debug|Any CPU = Debug|Any CPU
		Release|Any CPU = Release|Any CPU
	EndGlobalSection
	GlobalSection(ProjectConfigurationPlatforms) = postSolution
		{1D22F168-1DD1-4B6E-A692-3DF134E487B0}.Debug|Any CPU.ActiveCfg = Debug|Any CPU
		{1D22F168-1DD1-4B6E-A692-3DF134E487B0}.Debug|Any CPU.Build.0 = Debug|Any CPU
		{1D22F168-1DD1-4B6E-A692-3DF134E487B0}.Release|Any CPU.ActiveCfg = Release|Any CPU
		{1D22F168-1DD1-4B6E-A692-3DF134E487B0}.Release|Any CPU.Build.0 = Release|Any CPU
	EndGlobalSection
	GlobalSection(SolutionProperties) = preSolution
		HideSolutionNode = FALSE
	EndGlobalSection
	GlobalSection(ExtensibilityGlobals) = postSolution
		SolutionGuid = {4CD4D1D7-29E7-4BCF-BC60-DE36D5D3EECF}
	EndGlobalSection
EndGlobal
